
Microsoft Visual Studio Solution File, Format Version 12.00
# Visual Studio Version 16
VisualStudioVersion = 16.0.29102.190
MinimumVisualStudioVersion = 10.0.40219.1
Project("{FAE04EC0-301F-11D3-BF4B-00C04F79EFBC}") = "Sistema.Datos", "Sistema.Datos\Sistema.Datos.csproj", "{761BC852-DED7-4C90-852D-CCC358EF3ED3}"
EndProject
Project("{FAE04EC0-301F-11D3-BF4B-00C04F79EFBC}") = "Sistema.Entidades", "Sistema.Entidades\Sistema.Entidades.csproj", "{600283CD-2D22-44C1-B803-7095059BBAEC}"
EndProject
Project("{FAE04EC0-301F-11D3-BF4B-00C04F79EFBC}") = "Sistema.Web", "Sistema.Web\Sistema.Web.csproj", "{66397423-D0A8-4A17-A040-FD577FC4062A}"
EndProject
Global
	GlobalSection(SolutionConfigurationPlatforms) = preSolution
		Debug|Any CPU = Debug|Any CPU
		Release|Any CPU = Release|Any CPU
	EndGlobalSection
	GlobalSection(ProjectConfigurationPlatforms) = postSolution
		{761BC852-DED7-4C90-852D-CCC358EF3ED3}.Debug|Any CPU.ActiveCfg = Debug|Any CPU
		{761BC852-DED7-4C90-852D-CCC358EF3ED3}.Debug|Any CPU.Build.0 = Debug|Any CPU
		{761BC852-DED7-4C90-852D-CCC358EF3ED3}.Release|Any CPU.ActiveCfg = Release|Any CPU
		{761BC852-DED7-4C90-852D-CCC358EF3ED3}.Release|Any CPU.Build.0 = Release|Any CPU
		{600283CD-2D22-44C1-B803-7095059BBAEC}.Debug|Any CPU.ActiveCfg = Debug|Any CPU
		{600283CD-2D22-44C1-B803-7095059BBAEC}.Debug|Any CPU.Build.0 = Debug|Any CPU
		{600283CD-2D22-44C1-B803-7095059BBAEC}.Release|Any CPU.ActiveCfg = Release|Any CPU
		{600283CD-2D22-44C1-B803-7095059BBAEC}.Release|Any CPU.Build.0 = Release|Any CPU
		{66397423-D0A8-4A17-A040-FD577FC4062A}.Debug|Any CPU.ActiveCfg = Debug|Any CPU
		{66397423-D0A8-4A17-A040-FD577FC4062A}.Debug|Any CPU.Build.0 = Debug|Any CPU
		{66397423-D0A8-4A17-A040-FD577FC4062A}.Release|Any CPU.ActiveCfg = Release|Any CPU
		{66397423-D0A8-4A17-A040-FD577FC4062A}.Release|Any CPU.Build.0 = Release|Any CPU
	EndGlobalSection
	GlobalSection(SolutionProperties) = preSolution
		HideSolutionNode = FALSE
	EndGlobalSection
	GlobalSection(ExtensibilityGlobals) = postSolution
		SolutionGuid = {952FB13D-33EB-4D8C-BEEB-8CD2CABF4D0C}
	EndGlobalSection
EndGlobal
